
Microsoft Visual Studio Solution File, Format Version 12.00
# Visual Studio Version 16
VisualStudioVersion = 16.0.31205.134
MinimumVisualStudioVersion = 10.0.40219.1
Project("{9A19103F-16F7-4668-BE54-9A1E7A4F7556}") = "SearchJson", "SearchJson\SearchJson.csproj", "{600D84A3-CECE-4B90-8F7C-1191E7C1F4EE}"
EndProject
Project("{FAE04EC0-301F-11D3-BF4B-00C04F79EFBC}") = "SearchJsonTests", "SearchJsonTests\SearchJsonTests.csproj", "{5BE6CED3-8021-486C-8EA0-77DE39A26C7E}"
EndProject
Global
	GlobalSection(SolutionConfigurationPlatforms) = preSolution
		Debug|Any CPU = Debug|Any CPU
		Release|Any CPU = Release|Any CPU
	EndGlobalSection
	GlobalSection(ProjectConfigurationPlatforms) = postSolution
		{600D84A3-CECE-4B90-8F7C-1191E7C1F4EE}.Debug|Any CPU.ActiveCfg = Debug|Any CPU
		{600D84A3-CECE-4B90-8F7C-1191E7C1F4EE}.Debug|Any CPU.Build.0 = Debug|Any CPU
		{600D84A3-CECE-4B90-8F7C-1191E7C1F4EE}.Release|Any CPU.ActiveCfg = Release|Any CPU
		{600D84A3-CECE-4B90-8F7C-1191E7C1F4EE}.Release|Any CPU.Build.0 = Release|Any CPU
		{5BE6CED3-8021-486C-8EA0-77DE39A26C7E}.Debug|Any CPU.ActiveCfg = Debug|Any CPU
		{5BE6CED3-8021-486C-8EA0-77DE39A26C7E}.Debug|Any CPU.Build.0 = Debug|Any CPU
		{5BE6CED3-8021-486C-8EA0-77DE39A26C7E}.Release|Any CPU.ActiveCfg = Release|Any CPU
		{5BE6CED3-8021-486C-8EA0-77DE39A26C7E}.Release|Any CPU.Build.0 = Release|Any CPU
	EndGlobalSection
	GlobalSection(SolutionProperties) = preSolution
		HideSolutionNode = FALSE
	EndGlobalSection
	GlobalSection(ExtensibilityGlobals) = postSolution
		SolutionGuid = {AA1801A3-4D2A-4DF1-B85A-E753EF43186B}
	EndGlobalSection
EndGlobal
